// !$*UTF8*$!
{
	archiveVersion = 1;
	classes = {
	};
	objectVersion = 52;
	objects = {

/* Begin PBXBuildFile section */
		1615F2E6232FF09200F836B6 /* SwiftyJSON in Frameworks */ = {isa = PBXBuildFile; productRef = 1615F2E5232FF09200F836B6 /* SwiftyJSON */; };
		167E943A232F7FCC00FA15E1 /* AppDelegate.swift in Sources */ = {isa = PBXBuildFile; fileRef = 167E9439232F7FCC00FA15E1 /* AppDelegate.swift */; };
		167E943C232F7FCC00FA15E1 /* SceneDelegate.swift in Sources */ = {isa = PBXBuildFile; fileRef = 167E943B232F7FCC00FA15E1 /* SceneDelegate.swift */; };
		167E943E232F7FCC00FA15E1 /* ContentView.swift in Sources */ = {isa = PBXBuildFile; fileRef = 167E943D232F7FCC00FA15E1 /* ContentView.swift */; };
		167E9440232F7FCE00FA15E1 /* Assets.xcassets in Resources */ = {isa = PBXBuildFile; fileRef = 167E943F232F7FCE00FA15E1 /* Assets.xcassets */; };
		167E9443232F7FCE00FA15E1 /* Preview Assets.xcassets in Resources */ = {isa = PBXBuildFile; fileRef = 167E9442232F7FCE00FA15E1 /* Preview Assets.xcassets */; };
		167E9446232F7FCE00FA15E1 /* LaunchScreen.storyboard in Resources */ = {isa = PBXBuildFile; fileRef = 167E9444232F7FCE00FA15E1 /* LaunchScreen.storyboard */; };
		167E944E232F801C00FA15E1 /* Section.swift in Sources */ = {isa = PBXBuildFile; fileRef = 167E944D232F801C00FA15E1 /* Section.swift */; };
		167E9459232F915800FA15E1 /* data.json in Resources */ = {isa = PBXBuildFile; fileRef = 167E9458232F915800FA15E1 /* data.json */; };
		167E945D232FA48D00FA15E1 /* SectionDetail.swift in Sources */ = {isa = PBXBuildFile; fileRef = 167E945C232FA48D00FA15E1 /* SectionDetail.swift */; };
		16DB80842330EEC100A1410E /* URLImage in Frameworks */ = {isa = PBXBuildFile; productRef = 16DB80832330EEC100A1410E /* URLImage */; };
/* End PBXBuildFile section */

/* Begin PBXFileReference section */
		167E9436232F7FCC00FA15E1 /* Radioactivity.app */ = {isa = PBXFileReference; explicitFileType = wrapper.application; includeInIndex = 0; path = Radioactivity.app; sourceTree = BUILT_PRODUCTS_DIR; };
		167E9439232F7FCC00FA15E1 /* AppDelegate.swift */ = {isa = PBXFileReference; lastKnownFileType = sourcecode.swift; path = AppDelegate.swift; sourceTree = "<group>"; };
		167E943B232F7FCC00FA15E1 /* SceneDelegate.swift */ = {isa = PBXFileReference; lastKnownFileType = sourcecode.swift; path = SceneDelegate.swift; sourceTree = "<group>"; };
		167E943D232F7FCC00FA15E1 /* ContentView.swift */ = {isa = PBXFileReference; lastKnownFileType = sourcecode.swift; path = ContentView.swift; sourceTree = "<group>"; };
		167E943F232F7FCE00FA15E1 /* Assets.xcassets */ = {isa = PBXFileReference; lastKnownFileType = folder.assetcatalog; path = Assets.xcassets; sourceTree = "<group>"; };
		167E9442232F7FCE00FA15E1 /* Preview Assets.xcassets */ = {isa = PBXFileReference; lastKnownFileType = folder.assetcatalog; path = "Preview Assets.xcassets"; sourceTree = "<group>"; };
		167E9445232F7FCE00FA15E1 /* Base */ = {isa = PBXFileReference; lastKnownFileType = file.storyboard; name = Base; path = Base.lproj/LaunchScreen.storyboard; sourceTree = "<group>"; };
		167E9447232F7FCE00FA15E1 /* Info.plist */ = {isa = PBXFileReference; lastKnownFileType = text.plist.xml; path = Info.plist; sourceTree = "<group>"; };
		167E944D232F801C00FA15E1 /* Section.swift */ = {isa = PBXFileReference; lastKnownFileType = sourcecode.swift; path = Section.swift; sourceTree = "<group>"; };
		167E9458232F915800FA15E1 /* data.json */ = {isa = PBXFileReference; lastKnownFileType = text.json; path = data.json; sourceTree = "<group>"; };
		167E945C232FA48D00FA15E1 /* SectionDetail.swift */ = {isa = PBXFileReference; lastKnownFileType = sourcecode.swift; path = SectionDetail.swift; sourceTree = "<group>"; };
/* End PBXFileReference section */

/* Begin PBXFrameworksBuildPhase section */
		167E9433232F7FCC00FA15E1 /* Frameworks */ = {
			isa = PBXFrameworksBuildPhase;
			buildActionMask = 2147483647;
			files = (
				16DB80842330EEC100A1410E /* URLImage in Frameworks */,
				1615F2E6232FF09200F836B6 /* SwiftyJSON in Frameworks */,
			);
			runOnlyForDeploymentPostprocessing = 0;
		};
/* End PBXFrameworksBuildPhase section */

/* Begin PBXGroup section */
		167E942D232F7FCC00FA15E1 = {
			isa = PBXGroup;
			children = (
				167E9438232F7FCC00FA15E1 /* Radioactivity */,
				167E9437232F7FCC00FA15E1 /* Products */,
			);
			sourceTree = "<group>";
		};
		167E9437232F7FCC00FA15E1 /* Products */ = {
			isa = PBXGroup;
			children = (
				167E9436232F7FCC00FA15E1 /* Radioactivity.app */,
			);
			name = Products;
			sourceTree = "<group>";
		};
		167E9438232F7FCC00FA15E1 /* Radioactivity */ = {
			isa = PBXGroup;
			children = (
				167E9439232F7FCC00FA15E1 /* AppDelegate.swift */,
				167E943B232F7FCC00FA15E1 /* SceneDelegate.swift */,
				167E945B232FA47500FA15E1 /* View */,
				167E944F232F802000FA15E1 /* Model */,
				167E945A232F940B00FA15E1 /* Resources */,
				167E943F232F7FCE00FA15E1 /* Assets.xcassets */,
				167E9444232F7FCE00FA15E1 /* LaunchScreen.storyboard */,
				167E9447232F7FCE00FA15E1 /* Info.plist */,
				167E9441232F7FCE00FA15E1 /* Preview Content */,
			);
			path = Radioactivity;
			sourceTree = "<group>";
		};
		167E9441232F7FCE00FA15E1 /* Preview Content */ = {
			isa = PBXGroup;
			children = (
				167E9442232F7FCE00FA15E1 /* Preview Assets.xcassets */,
			);
			path = "Preview Content";
			sourceTree = "<group>";
		};
		167E944F232F802000FA15E1 /* Model */ = {
			isa = PBXGroup;
			children = (
				167E944D232F801C00FA15E1 /* Section.swift */,
			);
			path = Model;
			sourceTree = "<group>";
		};
		167E945A232F940B00FA15E1 /* Resources */ = {
			isa = PBXGroup;
			children = (
				167E9458232F915800FA15E1 /* data.json */,
			);
			path = Resources;
			sourceTree = "<group>";
		};
		167E945B232FA47500FA15E1 /* View */ = {
			isa = PBXGroup;
			children = (
				167E943D232F7FCC00FA15E1 /* ContentView.swift */,
				167E945C232FA48D00FA15E1 /* SectionDetail.swift */,
			);
			path = View;
			sourceTree = "<group>";
		};
/* End PBXGroup section */

/* Begin PBXNativeTarget section */
		167E9435232F7FCC00FA15E1 /* Radioactivity */ = {
			isa = PBXNativeTarget;
			buildConfigurationList = 167E944A232F7FCE00FA15E1 /* Build configuration list for PBXNativeTarget "Radioactivity" */;
			buildPhases = (
				167E9432232F7FCC00FA15E1 /* Sources */,
				167E9433232F7FCC00FA15E1 /* Frameworks */,
				167E9434232F7FCC00FA15E1 /* Resources */,
			);
			buildRules = (
			);
			dependencies = (
			);
			name = Radioactivity;
			packageProductDependencies = (
				1615F2E5232FF09200F836B6 /* SwiftyJSON */,
				16DB80832330EEC100A1410E /* URLImage */,
			);
			productName = Radioactivity;
			productReference = 167E9436232F7FCC00FA15E1 /* Radioactivity.app */;
			productType = "com.apple.product-type.application";
		};
/* End PBXNativeTarget section */

/* Begin PBXProject section */
		167E942E232F7FCC00FA15E1 /* Project object */ = {
			isa = PBXProject;
			attributes = {
				LastSwiftUpdateCheck = 1100;
				LastUpgradeCheck = 1100;
				ORGANIZATIONNAME = "Jacob Clayden";
				TargetAttributes = {
					167E9435232F7FCC00FA15E1 = {
						CreatedOnToolsVersion = 11.0;
					};
				};
			};
			buildConfigurationList = 167E9431232F7FCC00FA15E1 /* Build configuration list for PBXProject "Radioactivity" */;
			compatibilityVersion = "Xcode 9.3";
			developmentRegion = en;
			hasScannedForEncodings = 0;
			knownRegions = (
				en,
				Base,
			);
			mainGroup = 167E942D232F7FCC00FA15E1;
			packageReferences = (
				1615F2E4232FF09200F836B6 /* XCRemoteSwiftPackageReference "SwiftyJSON" */,
				16DB80822330EEC100A1410E /* XCRemoteSwiftPackageReference "url-image" */,
			);
			productRefGroup = 167E9437232F7FCC00FA15E1 /* Products */;
			projectDirPath = "";
			projectRoot = "";
			targets = (
				167E9435232F7FCC00FA15E1 /* Radioactivity */,
			);
		};
/* End PBXProject section */

/* Begin PBXResourcesBuildPhase section */
		167E9434232F7FCC00FA15E1 /* Resources */ = {
			isa = PBXResourcesBuildPhase;
			buildActionMask = 2147483647;
			files = (
				167E9446232F7FCE00FA15E1 /* LaunchScreen.storyboard in Resources */,
				167E9443232F7FCE00FA15E1 /* Preview Assets.xcassets in Resources */,
				167E9440232F7FCE00FA15E1 /* Assets.xcassets in Resources */,
				167E9459232F915800FA15E1 /* data.json in Resources */,
			);
			runOnlyForDeploymentPostprocessing = 0;
		};
/* End PBXResourcesBuildPhase section */

/* Begin PBXSourcesBuildPhase section */
		167E9432232F7FCC00FA15E1 /* Sources */ = {
			isa = PBXSourcesBuildPhase;
			buildActionMask = 2147483647;
			files = (
				167E943A232F7FCC00FA15E1 /* AppDelegate.swift in Sources */,
				167E944E232F801C00FA15E1 /* Section.swift in Sources */,
				167E943C232F7FCC00FA15E1 /* SceneDelegate.swift in Sources */,
				167E945D232FA48D00FA15E1 /* SectionDetail.swift in Sources */,
				167E943E232F7FCC00FA15E1 /* ContentView.swift in Sources */,
			);
			runOnlyForDeploymentPostprocessing = 0;
		};
/* End PBXSourcesBuildPhase section */

/* Begin PBXVariantGroup section */
		167E9444232F7FCE00FA15E1 /* LaunchScreen.storyboard */ = {
			isa = PBXVariantGroup;
			children = (
				167E9445232F7FCE00FA15E1 /* Base */,
			);
			name = LaunchScreen.storyboard;
			sourceTree = "<group>";
		};
/* End PBXVariantGroup section */

/* Begin XCBuildConfiguration section */
		167E9448232F7FCE00FA15E1 /* Debug */ = {
			isa = XCBuildConfiguration;
			buildSettings = {
				ALWAYS_SEARCH_USER_PATHS = NO;
				CLANG_ANALYZER_NONNULL = YES;
				CLANG_ANALYZER_NUMBER_OBJECT_CONVERSION = YES_AGGRESSIVE;
				CLANG_CXX_LANGUAGE_STANDARD = "gnu++14";
				CLANG_CXX_LIBRARY = "libc++";
				CLANG_ENABLE_MODULES = YES;
				CLANG_ENABLE_OBJC_ARC = YES;
				CLANG_ENABLE_OBJC_WEAK = YES;
				CLANG_WARN_BLOCK_CAPTURE_AUTORELEASING = YES;
				CLANG_WARN_BOOL_CONVERSION = YES;
				CLANG_WARN_COMMA = YES;
				CLANG_WARN_CONSTANT_CONVERSION = YES;
				CLANG_WARN_DEPRECATED_OBJC_IMPLEMENTATIONS = YES;
				CLANG_WARN_DIRECT_OBJC_ISA_USAGE = YES_ERROR;
				CLANG_WARN_DOCUMENTATION_COMMENTS = YES;
				CLANG_WARN_EMPTY_BODY = YES;
				CLANG_WARN_ENUM_CONVERSION = YES;
				CLANG_WARN_INFINITE_RECURSION = YES;
				CLANG_WARN_INT_CONVERSION = YES;
				CLANG_WARN_NON_LITERAL_NULL_CONVERSION = YES;
				CLANG_WARN_OBJC_IMPLICIT_RETAIN_SELF = YES;
				CLANG_WARN_OBJC_LITERAL_CONVERSION = YES;
				CLANG_WARN_OBJC_ROOT_CLASS = YES_ERROR;
				CLANG_WARN_RANGE_LOOP_ANALYSIS = YES;
				CLANG_WARN_STRICT_PROTOTYPES = YES;
				CLANG_WARN_SUSPICIOUS_MOVE = YES;
				CLANG_WARN_UNGUARDED_AVAILABILITY = YES_AGGRESSIVE;
				CLANG_WARN_UNREACHABLE_CODE = YES;
				CLANG_WARN__DUPLICATE_METHOD_MATCH = YES;
				COPY_PHASE_STRIP = NO;
				DEBUG_INFORMATION_FORMAT = dwarf;
				ENABLE_STRICT_OBJC_MSGSEND = YES;
				ENABLE_TESTABILITY = YES;
				GCC_C_LANGUAGE_STANDARD = gnu11;
				GCC_DYNAMIC_NO_PIC = NO;
				GCC_NO_COMMON_BLOCKS = YES;
				GCC_OPTIMIZATION_LEVEL = 0;
				GCC_PREPROCESSOR_DEFINITIONS = (
					"DEBUG=1",
					"$(inherited)",
				);
				GCC_WARN_64_TO_32_BIT_CONVERSION = YES;
				GCC_WARN_ABOUT_RETURN_TYPE = YES_ERROR;
				GCC_WARN_UNDECLARED_SELECTOR = YES;
				GCC_WARN_UNINITIALIZED_AUTOS = YES_AGGRESSIVE;
				GCC_WARN_UNUSED_FUNCTION = YES;
				GCC_WARN_UNUSED_VARIABLE = YES;
				IPHONEOS_DEPLOYMENT_TARGET = 13.0;
				MTL_ENABLE_DEBUG_INFO = INCLUDE_SOURCE;
				MTL_FAST_MATH = YES;
				ONLY_ACTIVE_ARCH = YES;
				SDKROOT = iphoneos;
				SWIFT_ACTIVE_COMPILATION_CONDITIONS = DEBUG;
				SWIFT_OPTIMIZATION_LEVEL = "-Onone";
			};
			name = Debug;
		};
		167E9449232F7FCE00FA15E1 /* Release */ = {
			isa = XCBuildConfiguration;
			buildSettings = {
				ALWAYS_SEARCH_USER_PATHS = NO;
				CLANG_ANALYZER_NONNULL = YES;
				CLANG_ANALYZER_NUMBER_OBJECT_CONVERSION = YES_AGGRESSIVE;
				CLANG_CXX_LANGUAGE_STANDARD = "gnu++14";
				CLANG_CXX_LIBRARY = "libc++";
				CLANG_ENABLE_MODULES = YES;
				CLANG_ENABLE_OBJC_ARC = YES;
				CLANG_ENABLE_OBJC_WEAK = YES;
				CLANG_WARN_BLOCK_CAPTURE_AUTORELEASING = YES;
				CLANG_WARN_BOOL_CONVERSION = YES;
				CLANG_WARN_COMMA = YES;
				CLANG_WARN_CONSTANT_CONVERSION = YES;
				CLANG_WARN_DEPRECATED_OBJC_IMPLEMENTATIONS = YES;
				CLANG_WARN_DIRECT_OBJC_ISA_USAGE = YES_ERROR;
				CLANG_WARN_DOCUMENTATION_COMMENTS = YES;
				CLANG_WARN_EMPTY_BODY = YES;
				CLANG_WARN_ENUM_CONVERSION = YES;
				CLANG_WARN_INFINITE_RECURSION = YES;
				CLANG_WARN_INT_CONVERSION = YES;
				CLANG_WARN_NON_LITERAL_NULL_CONVERSION = YES;
				CLANG_WARN_OBJC_IMPLICIT_RETAIN_SELF = YES;
				CLANG_WARN_OBJC_LITERAL_CONVERSION = YES;
				CLANG_WARN_OBJC_ROOT_CLASS = YES_ERROR;
				CLANG_WARN_RANGE_LOOP_ANALYSIS = YES;
				CLANG_WARN_STRICT_PROTOTYPES = YES;
				CLANG_WARN_SUSPICIOUS_MOVE = YES;
				CLANG_WARN_UNGUARDED_AVAILABILITY = YES_AGGRESSIVE;
				CLANG_WARN_UNREACHABLE_CODE = YES;
				CLANG_WARN__DUPLICATE_METHOD_MATCH = YES;
				COPY_PHASE_STRIP = NO;
				DEBUG_INFORMATION_FORMAT = "dwarf-with-dsym";
				ENABLE_NS_ASSERTIONS = NO;
				ENABLE_STRICT_OBJC_MSGSEND = YES;
				GCC_C_LANGUAGE_STANDARD = gnu11;
				GCC_NO_COMMON_BLOCKS = YES;
				GCC_WARN_64_TO_32_BIT_CONVERSION = YES;
				GCC_WARN_ABOUT_RETURN_TYPE = YES_ERROR;
				GCC_WARN_UNDECLARED_SELECTOR = YES;
				GCC_WARN_UNINITIALIZED_AUTOS = YES_AGGRESSIVE;
				GCC_WARN_UNUSED_FUNCTION = YES;
				GCC_WARN_UNUSED_VARIABLE = YES;
				IPHONEOS_DEPLOYMENT_TARGET = 13.0;
				MTL_ENABLE_DEBUG_INFO = NO;
				MTL_FAST_MATH = YES;
				SDKROOT = iphoneos;
				SWIFT_COMPILATION_MODE = wholemodule;
				SWIFT_OPTIMIZATION_LEVEL = "-O";
				VALIDATE_PRODUCT = YES;
			};
			name = Release;
		};
		167E944B232F7FCE00FA15E1 /* Debug */ = {
			isa = XCBuildConfiguration;
			buildSettings = {
				ASSETCATALOG_COMPILER_APPICON_NAME = AppIcon;
				CODE_SIGN_STYLE = Automatic;
				DEVELOPMENT_ASSET_PATHS = "\"Radioactivity/Preview Content\"";
				DEVELOPMENT_TEAM = 9489Q3YVAN;
				ENABLE_PREVIEWS = YES;
				FRAMEWORK_SEARCH_PATHS = (
					"$(inherited)",
					"$(PROJECT_DIR)",
				);
				INFOPLIST_FILE = Radioactivity/Info.plist;
				LD_RUNPATH_SEARCH_PATHS = (
					"$(inherited)",
					"@executable_path/Frameworks",
				);
				PRODUCT_BUNDLE_IDENTIFIER = me.jacobcxdev.Radioactivity;
				PRODUCT_NAME = "$(TARGET_NAME)";
				SWIFT_VERSION = 5.0;
				TARGETED_DEVICE_FAMILY = "1,2";
			};
			name = Debug;
		};
		167E944C232F7FCE00FA15E1 /* Release */ = {
			isa = XCBuildConfiguration;
			buildSettings = {
				ASSETCATALOG_COMPILER_APPICON_NAME = AppIcon;
				CODE_SIGN_STYLE = Automatic;
				DEVELOPMENT_ASSET_PATHS = "\"Radioactivity/Preview Content\"";
				DEVELOPMENT_TEAM = 9489Q3YVAN;
				ENABLE_PREVIEWS = YES;
				FRAMEWORK_SEARCH_PATHS = (
					"$(inherited)",
					"$(PROJECT_DIR)",
				);
				INFOPLIST_FILE = Radioactivity/Info.plist;
				LD_RUNPATH_SEARCH_PATHS = (
					"$(inherited)",
					"@executable_path/Frameworks",
				);
				PRODUCT_BUNDLE_IDENTIFIER = me.jacobcxdev.Radioactivity;
				PRODUCT_NAME = "$(TARGET_NAME)";
				SWIFT_VERSION = 5.0;
				TARGETED_DEVICE_FAMILY = "1,2";
			};
			name = Release;
		};
/* End XCBuildConfiguration section */

/* Begin XCConfigurationList section */
		167E9431232F7FCC00FA15E1 /* Build configuration list for PBXProject "Radioactivity" */ = {
			isa = XCConfigurationList;
			buildConfigurations = (
				167E9448232F7FCE00FA15E1 /* Debug */,
				167E9449232F7FCE00FA15E1 /* Release */,
			);
			defaultConfigurationIsVisible = 0;
			defaultConfigurationName = Release;
		};
		167E944A232F7FCE00FA15E1 /* Build configuration list for PBXNativeTarget "Radioactivity" */ = {
			isa = XCConfigurationList;
			buildConfigurations = (
				167E944B232F7FCE00FA15E1 /* Debug */,
				167E944C232F7FCE00FA15E1 /* Release */,
			);
			defaultConfigurationIsVisible = 0;
			defaultConfigurationName = Release;
		};
/* End XCConfigurationList section */

/* Begin XCRemoteSwiftPackageReference section */
		1615F2E4232FF09200F836B6 /* XCRemoteSwiftPackageReference "SwiftyJSON" */ = {
			isa = XCRemoteSwiftPackageReference;
			repositoryURL = "https://github.com/SwiftyJSON/SwiftyJSON.git";
			requirement = {
				kind = upToNextMajorVersion;
				minimumVersion = 5.0.0;
			};
		};
		16DB80822330EEC100A1410E /* XCRemoteSwiftPackageReference "url-image" */ = {
			isa = XCRemoteSwiftPackageReference;
			repositoryURL = "https://github.com/jacobcxdev/url-image.git";
			requirement = {
				kind = upToNextMajorVersion;
				minimumVersion = 0.6.3;
			};
		};
/* End XCRemoteSwiftPackageReference section */

/* Begin XCSwiftPackageProductDependency section */
		1615F2E5232FF09200F836B6 /* SwiftyJSON */ = {
			isa = XCSwiftPackageProductDependency;
			package = 1615F2E4232FF09200F836B6 /* XCRemoteSwiftPackageReference "SwiftyJSON" */;
			productName = SwiftyJSON;
		};
		16DB80832330EEC100A1410E /* URLImage */ = {
			isa = XCSwiftPackageProductDependency;
			package = 16DB80822330EEC100A1410E /* XCRemoteSwiftPackageReference "url-image" */;
			productName = URLImage;
		};
/* End XCSwiftPackageProductDependency section */
	};
	rootObject = 167E942E232F7FCC00FA15E1 /* Project object */;
}
